
Microsoft Visual Studio Solution File, Format Version 12.00
# Visual Studio Version 17
VisualStudioVersion = 17.10.34818.151
MinimumVisualStudioVersion = 10.0.40219.1
Project("{9A19103F-16F7-4668-BE54-9A1E7A4F7556}") = "MP3_Pod", "MP3-Pod\MP3_Pod.csproj", "{2933CA2F-A244-4C12-8461-EBBA7834D1D0}"
EndProject
Project("{9A19103F-16F7-4668-BE54-9A1E7A4F7556}") = "MP3_Pod.Desktop", "MP3-Pod.Desktop\MP3_Pod.Desktop.csproj", "{6607D733-6391-4ED4-BAF2-DE210B9F3B3A}"
EndProject
Project("{9A19103F-16F7-4668-BE54-9A1E7A4F7556}") = "Player", "Player\Player.csproj", "{64A08D59-1941-4606-A5FF-2027F4C24D38}"
EndProject
Project("{FAE04EC0-301F-11D3-BF4B-00C04F79EFBC}") = "Utilities", "Utilities\Utilities.csproj", "{932CA197-7CE9-4593-B335-32C3E099DF2D}"
EndProject
Global
	GlobalSection(SolutionConfigurationPlatforms) = preSolution
		Debug|Any CPU = Debug|Any CPU
		Release|Any CPU = Release|Any CPU
	EndGlobalSection
	GlobalSection(ProjectConfigurationPlatforms) = postSolution
		{2933CA2F-A244-4C12-8461-EBBA7834D1D0}.Debug|Any CPU.ActiveCfg = Debug|Any CPU
		{2933CA2F-A244-4C12-8461-EBBA7834D1D0}.Debug|Any CPU.Build.0 = Debug|Any CPU
		{2933CA2F-A244-4C12-8461-EBBA7834D1D0}.Release|Any CPU.ActiveCfg = Release|Any CPU
		{2933CA2F-A244-4C12-8461-EBBA7834D1D0}.Release|Any CPU.Build.0 = Release|Any CPU
		{6607D733-6391-4ED4-BAF2-DE210B9F3B3A}.Debug|Any CPU.ActiveCfg = Debug|Any CPU
		{6607D733-6391-4ED4-BAF2-DE210B9F3B3A}.Debug|Any CPU.Build.0 = Debug|Any CPU
		{6607D733-6391-4ED4-BAF2-DE210B9F3B3A}.Release|Any CPU.ActiveCfg = Release|Any CPU
		{6607D733-6391-4ED4-BAF2-DE210B9F3B3A}.Release|Any CPU.Build.0 = Release|Any CPU
		{64A08D59-1941-4606-A5FF-2027F4C24D38}.Debug|Any CPU.ActiveCfg = Debug|Any CPU
		{64A08D59-1941-4606-A5FF-2027F4C24D38}.Debug|Any CPU.Build.0 = Debug|Any CPU
		{64A08D59-1941-4606-A5FF-2027F4C24D38}.Release|Any CPU.ActiveCfg = Release|Any CPU
		{64A08D59-1941-4606-A5FF-2027F4C24D38}.Release|Any CPU.Build.0 = Release|Any CPU
		{932CA197-7CE9-4593-B335-32C3E099DF2D}.Debug|Any CPU.ActiveCfg = Debug|Any CPU
		{932CA197-7CE9-4593-B335-32C3E099DF2D}.Debug|Any CPU.Build.0 = Debug|Any CPU
		{932CA197-7CE9-4593-B335-32C3E099DF2D}.Release|Any CPU.ActiveCfg = Release|Any CPU
		{932CA197-7CE9-4593-B335-32C3E099DF2D}.Release|Any CPU.Build.0 = Release|Any CPU
	EndGlobalSection
	GlobalSection(SolutionProperties) = preSolution
		HideSolutionNode = FALSE
	EndGlobalSection
	GlobalSection(ExtensibilityGlobals) = postSolution
		SolutionGuid = {70C35138-4675-47A3-9645-491E14F90F47}
	EndGlobalSection
EndGlobal
